
Microsoft Visual Studio Solution File, Format Version 12.00
# Visual Studio Version 16
VisualStudioVersion = 16.0.30621.155
MinimumVisualStudioVersion = 10.0.40219.1
Project("{FAE04EC0-301F-11D3-BF4B-00C04F79EFBC}") = "MVParser.BLL", "MVParser.BLL\MVParser.BLL.csproj", "{79FC1B1F-FAE8-45DB-A86F-41D1E3A34AB2}"
EndProject
Project("{FAE04EC0-301F-11D3-BF4B-00C04F79EFBC}") = "MVParser.DAL", "MVParser.DAL\MVParser.DAL.csproj", "{83B4C055-5F6D-4385-A0FB-8AC55FE8E184}"
EndProject
Project("{FAE04EC0-301F-11D3-BF4B-00C04F79EFBC}") = "MVParser.Tests", "MVParser.Tests\MVParser.Tests.csproj", "{CFB1C83A-3507-47E3-82FB-2C4D053A1C36}"
EndProject
Global
	GlobalSection(SolutionConfigurationPlatforms) = preSolution
		Debug|Any CPU = Debug|Any CPU
		Release|Any CPU = Release|Any CPU
	EndGlobalSection
	GlobalSection(ProjectConfigurationPlatforms) = postSolution
		{79FC1B1F-FAE8-45DB-A86F-41D1E3A34AB2}.Debug|Any CPU.ActiveCfg = Debug|Any CPU
		{79FC1B1F-FAE8-45DB-A86F-41D1E3A34AB2}.Debug|Any CPU.Build.0 = Debug|Any CPU
		{79FC1B1F-FAE8-45DB-A86F-41D1E3A34AB2}.Release|Any CPU.ActiveCfg = Release|Any CPU
		{79FC1B1F-FAE8-45DB-A86F-41D1E3A34AB2}.Release|Any CPU.Build.0 = Release|Any CPU
		{83B4C055-5F6D-4385-A0FB-8AC55FE8E184}.Debug|Any CPU.ActiveCfg = Debug|Any CPU
		{83B4C055-5F6D-4385-A0FB-8AC55FE8E184}.Debug|Any CPU.Build.0 = Debug|Any CPU
		{83B4C055-5F6D-4385-A0FB-8AC55FE8E184}.Release|Any CPU.ActiveCfg = Release|Any CPU
		{83B4C055-5F6D-4385-A0FB-8AC55FE8E184}.Release|Any CPU.Build.0 = Release|Any CPU
		{CFB1C83A-3507-47E3-82FB-2C4D053A1C36}.Debug|Any CPU.ActiveCfg = Debug|Any CPU
		{CFB1C83A-3507-47E3-82FB-2C4D053A1C36}.Debug|Any CPU.Build.0 = Debug|Any CPU
		{CFB1C83A-3507-47E3-82FB-2C4D053A1C36}.Release|Any CPU.ActiveCfg = Release|Any CPU
		{CFB1C83A-3507-47E3-82FB-2C4D053A1C36}.Release|Any CPU.Build.0 = Release|Any CPU
	EndGlobalSection
	GlobalSection(SolutionProperties) = preSolution
		HideSolutionNode = FALSE
	EndGlobalSection
	GlobalSection(ExtensibilityGlobals) = postSolution
		SolutionGuid = {81E8FD1E-3C46-4EF6-AB0D-768F4D559F60}
	EndGlobalSection
EndGlobal
